// !$*UTF8*$!
{
	archiveVersion = 1;
	classes = {
	};
	objectVersion = 50;
	objects = {

/* Begin PBXBuildFile section */
		EB37BF262385957D00CA75B3 /* AppDelegate.swift in Sources */ = {isa = PBXBuildFile; fileRef = EB37BF252385957D00CA75B3 /* AppDelegate.swift */; };
		EB37BF282385957D00CA75B3 /* SceneDelegate.swift in Sources */ = {isa = PBXBuildFile; fileRef = EB37BF272385957D00CA75B3 /* SceneDelegate.swift */; };
		EB37BF2A2385957D00CA75B3 /* ViewController.swift in Sources */ = {isa = PBXBuildFile; fileRef = EB37BF292385957D00CA75B3 /* ViewController.swift */; };
		EB37BF2D2385957D00CA75B3 /* Main.storyboard in Resources */ = {isa = PBXBuildFile; fileRef = EB37BF2B2385957D00CA75B3 /* Main.storyboard */; };
		EB37BF2F2385957E00CA75B3 /* Assets.xcassets in Resources */ = {isa = PBXBuildFile; fileRef = EB37BF2E2385957E00CA75B3 /* Assets.xcassets */; };
		EB37BF322385957E00CA75B3 /* LaunchScreen.storyboard in Resources */ = {isa = PBXBuildFile; fileRef = EB37BF302385957E00CA75B3 /* LaunchScreen.storyboard */; };
/* End PBXBuildFile section */

/* Begin PBXFileReference section */
		EB37BF222385957D00CA75B3 /* 008TableView-Example01.app */ = {isa = PBXFileReference; explicitFileType = wrapper.application; includeInIndex = 0; path = "008TableView-Example01.app"; sourceTree = BUILT_PRODUCTS_DIR; };
		EB37BF252385957D00CA75B3 /* AppDelegate.swift */ = {isa = PBXFileReference; lastKnownFileType = sourcecode.swift; path = AppDelegate.swift; sourceTree = "<group>"; };
		EB37BF272385957D00CA75B3 /* SceneDelegate.swift */ = {isa = PBXFileReference; lastKnownFileType = sourcecode.swift; path = SceneDelegate.swift; sourceTree = "<group>"; };
		EB37BF292385957D00CA75B3 /* ViewController.swift */ = {isa = PBXFileReference; lastKnownFileType = sourcecode.swift; path = ViewController.swift; sourceTree = "<group>"; };
		EB37BF2C2385957D00CA75B3 /* Base */ = {isa = PBXFileReference; lastKnownFileType = file.storyboard; name = Base; path = Base.lproj/Main.storyboard; sourceTree = "<group>"; };
		EB37BF2E2385957E00CA75B3 /* Assets.xcassets */ = {isa = PBXFileReference; lastKnownFileType = folder.assetcatalog; path = Assets.xcassets; sourceTree = "<group>"; };
		EB37BF312385957E00CA75B3 /* Base */ = {isa = PBXFileReference; lastKnownFileType = file.storyboard; name = Base; path = Base.lproj/LaunchScreen.storyboard; sourceTree = "<group>"; };
		EB37BF332385957E00CA75B3 /* Info.plist */ = {isa = PBXFileReference; lastKnownFileType = text.plist.xml; path = Info.plist; sourceTree = "<group>"; };
/* End PBXFileReference section */

/* Begin PBXFrameworksBuildPhase section */
		EB37BF1F2385957D00CA75B3 /* Frameworks */ = {
			isa = PBXFrameworksBuildPhase;
			buildActionMask = 2147483647;
			files = (
			);
			runOnlyForDeploymentPostprocessing = 0;
		};
/* End PBXFrameworksBuildPhase section */

/* Begin PBXGroup section */
		EB37BF192385957D00CA75B3 = {
			isa = PBXGroup;
			children = (
				EB37BF242385957D00CA75B3 /* 008TableView-Example01 */,
				EB37BF232385957D00CA75B3 /* Products */,
			);
			sourceTree = "<group>";
		};
		EB37BF232385957D00CA75B3 /* Products */ = {
			isa = PBXGroup;
			children = (
				EB37BF222385957D00CA75B3 /* 008TableView-Example01.app */,
			);
			name = Products;
			sourceTree = "<group>";
		};
		EB37BF242385957D00CA75B3 /* 008TableView-Example01 */ = {
			isa = PBXGroup;
			children = (
				EB37BF252385957D00CA75B3 /* AppDelegate.swift */,
				EB37BF272385957D00CA75B3 /* SceneDelegate.swift */,
				EB37BF292385957D00CA75B3 /* ViewController.swift */,
				EB37BF2B2385957D00CA75B3 /* Main.storyboard */,
				EB37BF2E2385957E00CA75B3 /* Assets.xcassets */,
				EB37BF302385957E00CA75B3 /* LaunchScreen.storyboard */,
				EB37BF332385957E00CA75B3 /* Info.plist */,
			);
			path = "008TableView-Example01";
			sourceTree = "<group>";
		};
/* End PBXGroup section */

/* Begin PBXNativeTarget section */
		EB37BF212385957D00CA75B3 /* 008TableView-Example01 */ = {
			isa = PBXNativeTarget;
			buildConfigurationList = EB37BF362385957E00CA75B3 /* Build configuration list for PBXNativeTarget "008TableView-Example01" */;
			buildPhases = (
				EB37BF1E2385957D00CA75B3 /* Sources */,
				EB37BF1F2385957D00CA75B3 /* Frameworks */,
				EB37BF202385957D00CA75B3 /* Resources */,
			);
			buildRules = (
			);
			dependencies = (
			);
			name = "008TableView-Example01";
			productName = "008TableView-Example01";
			productReference = EB37BF222385957D00CA75B3 /* 008TableView-Example01.app */;
			productType = "com.apple.product-type.application";
		};
/* End PBXNativeTarget section */

/* Begin PBXProject section */
		EB37BF1A2385957D00CA75B3 /* Project object */ = {
			isa = PBXProject;
			attributes = {
				LastSwiftUpdateCheck = 1120;
				LastUpgradeCheck = 1120;
				ORGANIZATIONNAME = "김민영";
				TargetAttributes = {
					EB37BF212385957D00CA75B3 = {
						CreatedOnToolsVersion = 11.2;
					};
				};
			};
			buildConfigurationList = EB37BF1D2385957D00CA75B3 /* Build configuration list for PBXProject "008TableView-Example01" */;
			compatibilityVersion = "Xcode 9.3";
			developmentRegion = en;
			hasScannedForEncodings = 0;
			knownRegions = (
				en,
				Base,
			);
			mainGroup = EB37BF192385957D00CA75B3;
			productRefGroup = EB37BF232385957D00CA75B3 /* Products */;
			projectDirPath = "";
			projectRoot = "";
			targets = (
				EB37BF212385957D00CA75B3 /* 008TableView-Example01 */,
			);
		};
/* End PBXProject section */

/* Begin PBXResourcesBuildPhase section */
		EB37BF202385957D00CA75B3 /* Resources */ = {
			isa = PBXResourcesBuildPhase;
			buildActionMask = 2147483647;
			files = (
				EB37BF322385957E00CA75B3 /* LaunchScreen.storyboard in Resources */,
				EB37BF2F2385957E00CA75B3 /* Assets.xcassets in Resources */,
				EB37BF2D2385957D00CA75B3 /* Main.storyboard in Resources */,
			);
			runOnlyForDeploymentPostprocessing = 0;
		};
/* End PBXResourcesBuildPhase section */

/* Begin PBXSourcesBuildPhase section */
		EB37BF1E2385957D00CA75B3 /* Sources */ = {
			isa = PBXSourcesBuildPhase;
			buildActionMask = 2147483647;
			files = (
				EB37BF2A2385957D00CA75B3 /* ViewController.swift in Sources */,
				EB37BF262385957D00CA75B3 /* AppDelegate.swift in Sources */,
				EB37BF282385957D00CA75B3 /* SceneDelegate.swift in Sources */,
			);
			runOnlyForDeploymentPostprocessing = 0;
		};
/* End PBXSourcesBuildPhase section */

/* Begin PBXVariantGroup section */
		EB37BF2B2385957D00CA75B3 /* Main.storyboard */ = {
			isa = PBXVariantGroup;
			children = (
				EB37BF2C2385957D00CA75B3 /* Base */,
			);
			name = Main.storyboard;
			sourceTree = "<group>";
		};
		EB37BF302385957E00CA75B3 /* LaunchScreen.storyboard */ = {
			isa = PBXVariantGroup;
			children = (
				EB37BF312385957E00CA75B3 /* Base */,
			);
			name = LaunchScreen.storyboard;
			sourceTree = "<group>";
		};
/* End PBXVariantGroup section */

/* Begin XCBuildConfiguration section */
		EB37BF342385957E00CA75B3 /* Debug */ = {
			isa = XCBuildConfiguration;
			buildSettings = {
				ALWAYS_SEARCH_USER_PATHS = NO;
				CLANG_ANALYZER_NONNULL = YES;
				CLANG_ANALYZER_NUMBER_OBJECT_CONVERSION = YES_AGGRESSIVE;
				CLANG_CXX_LANGUAGE_STANDARD = "gnu++14";
				CLANG_CXX_LIBRARY = "libc++";
				CLANG_ENABLE_MODULES = YES;
				CLANG_ENABLE_OBJC_ARC = YES;
				CLANG_ENABLE_OBJC_WEAK = YES;
				CLANG_WARN_BLOCK_CAPTURE_AUTORELEASING = YES;
				CLANG_WARN_BOOL_CONVERSION = YES;
				CLANG_WARN_COMMA = YES;
				CLANG_WARN_CONSTANT_CONVERSION = YES;
				CLANG_WARN_DEPRECATED_OBJC_IMPLEMENTATIONS = YES;
				CLANG_WARN_DIRECT_OBJC_ISA_USAGE = YES_ERROR;
				CLANG_WARN_DOCUMENTATION_COMMENTS = YES;
				CLANG_WARN_EMPTY_BODY = YES;
				CLANG_WARN_ENUM_CONVERSION = YES;
				CLANG_WARN_INFINITE_RECURSION = YES;
				CLANG_WARN_INT_CONVERSION = YES;
				CLANG_WARN_NON_LITERAL_NULL_CONVERSION = YES;
				CLANG_WARN_OBJC_IMPLICIT_RETAIN_SELF = YES;
				CLANG_WARN_OBJC_LITERAL_CONVERSION = YES;
				CLANG_WARN_OBJC_ROOT_CLASS = YES_ERROR;
				CLANG_WARN_RANGE_LOOP_ANALYSIS = YES;
				CLANG_WARN_STRICT_PROTOTYPES = YES;
				CLANG_WARN_SUSPICIOUS_MOVE = YES;
				CLANG_WARN_UNGUARDED_AVAILABILITY = YES_AGGRESSIVE;
				CLANG_WARN_UNREACHABLE_CODE = YES;
				CLANG_WARN__DUPLICATE_METHOD_MATCH = YES;
				COPY_PHASE_STRIP = NO;
				DEBUG_INFORMATION_FORMAT = dwarf;
				ENABLE_STRICT_OBJC_MSGSEND = YES;
				ENABLE_TESTABILITY = YES;
				GCC_C_LANGUAGE_STANDARD = gnu11;
				GCC_DYNAMIC_NO_PIC = NO;
				GCC_NO_COMMON_BLOCKS = YES;
				GCC_OPTIMIZATION_LEVEL = 0;
				GCC_PREPROCESSOR_DEFINITIONS = (
					"DEBUG=1",
					"$(inherited)",
				);
				GCC_WARN_64_TO_32_BIT_CONVERSION = YES;
				GCC_WARN_ABOUT_RETURN_TYPE = YES_ERROR;
				GCC_WARN_UNDECLARED_SELECTOR = YES;
				GCC_WARN_UNINITIALIZED_AUTOS = YES_AGGRESSIVE;
				GCC_WARN_UNUSED_FUNCTION = YES;
				GCC_WARN_UNUSED_VARIABLE = YES;
				IPHONEOS_DEPLOYMENT_TARGET = 13.2;
				MTL_ENABLE_DEBUG_INFO = INCLUDE_SOURCE;
				MTL_FAST_MATH = YES;
				ONLY_ACTIVE_ARCH = YES;
				SDKROOT = iphoneos;
				SWIFT_ACTIVE_COMPILATION_CONDITIONS = DEBUG;
				SWIFT_OPTIMIZATION_LEVEL = "-Onone";
			};
			name = Debug;
		};
		EB37BF352385957E00CA75B3 /* Release */ = {
			isa = XCBuildConfiguration;
			buildSettings = {
				ALWAYS_SEARCH_USER_PATHS = NO;
				CLANG_ANALYZER_NONNULL = YES;
				CLANG_ANALYZER_NUMBER_OBJECT_CONVERSION = YES_AGGRESSIVE;
				CLANG_CXX_LANGUAGE_STANDARD = "gnu++14";
				CLANG_CXX_LIBRARY = "libc++";
				CLANG_ENABLE_MODULES = YES;
				CLANG_ENABLE_OBJC_ARC = YES;
				CLANG_ENABLE_OBJC_WEAK = YES;
				CLANG_WARN_BLOCK_CAPTURE_AUTORELEASING = YES;
				CLANG_WARN_BOOL_CONVERSION = YES;
				CLANG_WARN_COMMA = YES;
				CLANG_WARN_CONSTANT_CONVERSION = YES;
				CLANG_WARN_DEPRECATED_OBJC_IMPLEMENTATIONS = YES;
				CLANG_WARN_DIRECT_OBJC_ISA_USAGE = YES_ERROR;
				CLANG_WARN_DOCUMENTATION_COMMENTS = YES;
				CLANG_WARN_EMPTY_BODY = YES;
				CLANG_WARN_ENUM_CONVERSION = YES;
				CLANG_WARN_INFINITE_RECURSION = YES;
				CLANG_WARN_INT_CONVERSION = YES;
				CLANG_WARN_NON_LITERAL_NULL_CONVERSION = YES;
				CLANG_WARN_OBJC_IMPLICIT_RETAIN_SELF = YES;
				CLANG_WARN_OBJC_LITERAL_CONVERSION = YES;
				CLANG_WARN_OBJC_ROOT_CLASS = YES_ERROR;
				CLANG_WARN_RANGE_LOOP_ANALYSIS = YES;
				CLANG_WARN_STRICT_PROTOTYPES = YES;
				CLANG_WARN_SUSPICIOUS_MOVE = YES;
				CLANG_WARN_UNGUARDED_AVAILABILITY = YES_AGGRESSIVE;
				CLANG_WARN_UNREACHABLE_CODE = YES;
				CLANG_WARN__DUPLICATE_METHOD_MATCH = YES;
				COPY_PHASE_STRIP = NO;
				DEBUG_INFORMATION_FORMAT = "dwarf-with-dsym";
				ENABLE_NS_ASSERTIONS = NO;
				ENABLE_STRICT_OBJC_MSGSEND = YES;
				GCC_C_LANGUAGE_STANDARD = gnu11;
				GCC_NO_COMMON_BLOCKS = YES;
				GCC_WARN_64_TO_32_BIT_CONVERSION = YES;
				GCC_WARN_ABOUT_RETURN_TYPE = YES_ERROR;
				GCC_WARN_UNDECLARED_SELECTOR = YES;
				GCC_WARN_UNINITIALIZED_AUTOS = YES_AGGRESSIVE;
				GCC_WARN_UNUSED_FUNCTION = YES;
				GCC_WARN_UNUSED_VARIABLE = YES;
				IPHONEOS_DEPLOYMENT_TARGET = 13.2;
				MTL_ENABLE_DEBUG_INFO = NO;
				MTL_FAST_MATH = YES;
				SDKROOT = iphoneos;
				SWIFT_COMPILATION_MODE = wholemodule;
				SWIFT_OPTIMIZATION_LEVEL = "-O";
				VALIDATE_PRODUCT = YES;
			};
			name = Release;
		};
		EB37BF372385957E00CA75B3 /* Debug */ = {
			isa = XCBuildConfiguration;
			buildSettings = {
				ASSETCATALOG_COMPILER_APPICON_NAME = AppIcon;
				CODE_SIGN_STYLE = Automatic;
				DEVELOPMENT_TEAM = PA8K389HDA;
				INFOPLIST_FILE = "008TableView-Example01/Info.plist";
				LD_RUNPATH_SEARCH_PATHS = (
					"$(inherited)",
					"@executable_path/Frameworks",
				);
				PRODUCT_BUNDLE_IDENTIFIER = "com.hanati.test1.-08TableView-Example01";
				PRODUCT_NAME = "$(TARGET_NAME)";
				SWIFT_VERSION = 5.0;
				TARGETED_DEVICE_FAMILY = "1,2";
			};
			name = Debug;
		};
		EB37BF382385957E00CA75B3 /* Release */ = {
			isa = XCBuildConfiguration;
			buildSettings = {
				ASSETCATALOG_COMPILER_APPICON_NAME = AppIcon;
				CODE_SIGN_STYLE = Automatic;
				DEVELOPMENT_TEAM = PA8K389HDA;
				INFOPLIST_FILE = "008TableView-Example01/Info.plist";
				LD_RUNPATH_SEARCH_PATHS = (
					"$(inherited)",
					"@executable_path/Frameworks",
				);
				PRODUCT_BUNDLE_IDENTIFIER = "com.hanati.test1.-08TableView-Example01";
				PRODUCT_NAME = "$(TARGET_NAME)";
				SWIFT_VERSION = 5.0;
				TARGETED_DEVICE_FAMILY = "1,2";
			};
			name = Release;
		};
/* End XCBuildConfiguration section */

/* Begin XCConfigurationList section */
		EB37BF1D2385957D00CA75B3 /* Build configuration list for PBXProject "008TableView-Example01" */ = {
			isa = XCConfigurationList;
			buildConfigurations = (
				EB37BF342385957E00CA75B3 /* Debug */,
				EB37BF352385957E00CA75B3 /* Release */,
			);
			defaultConfigurationIsVisible = 0;
			defaultConfigurationName = Release;
		};
		EB37BF362385957E00CA75B3 /* Build configuration list for PBXNativeTarget "008TableView-Example01" */ = {
			isa = XCConfigurationList;
			buildConfigurations = (
				EB37BF372385957E00CA75B3 /* Debug */,
				EB37BF382385957E00CA75B3 /* Release */,
			);
			defaultConfigurationIsVisible = 0;
			defaultConfigurationName = Release;
		};
/* End XCConfigurationList section */
	};
	rootObject = EB37BF1A2385957D00CA75B3 /* Project object */;
}
